// !$*UTF8*$!
{
	archiveVersion = 1;
	classes = {
	};
	objectVersion = 50;
	objects = {

/* Begin PBXBuildFile section */
		1E92BA1D9B2B8BBA49DFE294 /* Pods_NSD_TrailMe.framework in Frameworks */ = {isa = PBXBuildFile; fileRef = 3F5DA3AF2EE539015C345281 /* Pods_NSD_TrailMe.framework */; };
		3C117CC921BDDA4D00D87BB9 /* Awards.storyboard in Resources */ = {isa = PBXBuildFile; fileRef = 3C117CC821BDDA4D00D87BB9 /* Awards.storyboard */; };
		3C117CCC21BDDB5400D87BB9 /* AwardCellTableViewCell.swift in Sources */ = {isa = PBXBuildFile; fileRef = 3C117CCA21BDDB5400D87BB9 /* AwardCellTableViewCell.swift */; };
		3C117CCD21BDDB5400D87BB9 /* AwardCellTableViewCell.xib in Resources */ = {isa = PBXBuildFile; fileRef = 3C117CCB21BDDB5400D87BB9 /* AwardCellTableViewCell.xib */; };
		3C117CCF21BDDF1100D87BB9 /* AwardsTableViewController.swift in Sources */ = {isa = PBXBuildFile; fileRef = 3C117CCE21BDDF1100D87BB9 /* AwardsTableViewController.swift */; };
		3C117CD121BDE33A00D87BB9 /* Award.swift in Sources */ = {isa = PBXBuildFile; fileRef = 3C117CD021BDE33A00D87BB9 /* Award.swift */; };
		3C26262221BC512700579B77 /* Statistic.storyboard in Resources */ = {isa = PBXBuildFile; fileRef = 3C26262121BC512700579B77 /* Statistic.storyboard */; };
		3C26262421BC51AC00579B77 /* RunTableViewController.swift in Sources */ = {isa = PBXBuildFile; fileRef = 3C26262321BC51AC00579B77 /* RunTableViewController.swift */; };
		3C26262621BC51B700579B77 /* WalkTableViewController.swift in Sources */ = {isa = PBXBuildFile; fileRef = 3C26262521BC51B700579B77 /* WalkTableViewController.swift */; };
		3C26262821BC51C600579B77 /* CycleTableViewController.swift in Sources */ = {isa = PBXBuildFile; fileRef = 3C26262721BC51C600579B77 /* CycleTableViewController.swift */; };
		3C26262A21BC51D400579B77 /* StatsRootPageViewController.swift in Sources */ = {isa = PBXBuildFile; fileRef = 3C26262921BC51D400579B77 /* StatsRootPageViewController.swift */; };
		3C40EC5B21A46A4400913C8E /* ResetPasswordController.swift in Sources */ = {isa = PBXBuildFile; fileRef = 3C40EC5A21A46A4400913C8E /* ResetPasswordController.swift */; };
		3C56D1FD21A3BB72008AFD3B /* AppDelegate.swift in Sources */ = {isa = PBXBuildFile; fileRef = 3C56D1FC21A3BB72008AFD3B /* AppDelegate.swift */; };
		3C56D1FF21A3BB72008AFD3B /* LoginViewController.swift in Sources */ = {isa = PBXBuildFile; fileRef = 3C56D1FE21A3BB72008AFD3B /* LoginViewController.swift */; };
		3C56D20521A3BB72008AFD3B /* NSD_TrailMe.xcdatamodeld in Sources */ = {isa = PBXBuildFile; fileRef = 3C56D20321A3BB72008AFD3B /* NSD_TrailMe.xcdatamodeld */; };
		3C56D20721A3BB73008AFD3B /* Assets.xcassets in Resources */ = {isa = PBXBuildFile; fileRef = 3C56D20621A3BB73008AFD3B /* Assets.xcassets */; };
		3C56D20A21A3BB73008AFD3B /* LaunchScreen.storyboard in Resources */ = {isa = PBXBuildFile; fileRef = 3C56D20821A3BB73008AFD3B /* LaunchScreen.storyboard */; };
		3C612EDD21A9A627009A312B /* GrandWaileaWalk.gpx in Resources */ = {isa = PBXBuildFile; fileRef = 3C612EDC21A9A627009A312B /* GrandWaileaWalk.gpx */; };
		3C6E3A8E21A441EA00FBA0D0 /* Extensions.swift in Sources */ = {isa = PBXBuildFile; fileRef = 3C6E3A8D21A441EA00FBA0D0 /* Extensions.swift */; };
		3C9E6C5821C143C10040C3BC /* GoogleService-Info.plist in Resources */ = {isa = PBXBuildFile; fileRef = 3C9E6C5721C143C10040C3BC /* GoogleService-Info.plist */; };
		3CC3C02221A7293100AB86E0 /* Formatter.swift in Sources */ = {isa = PBXBuildFile; fileRef = 3CC3C02121A7293100AB86E0 /* Formatter.swift */; };
		3CC3C02421A7297500AB86E0 /* UnitExtension.swift in Sources */ = {isa = PBXBuildFile; fileRef = 3CC3C02321A7297500AB86E0 /* UnitExtension.swift */; };
		3CC3C02621A729A500AB86E0 /* CustomImageView.swift in Sources */ = {isa = PBXBuildFile; fileRef = 3CC3C02521A729A500AB86E0 /* CustomImageView.swift */; };
		3CC3C02821A729CB00AB86E0 /* LocationManager.swift in Sources */ = {isa = PBXBuildFile; fileRef = 3CC3C02721A729CB00AB86E0 /* LocationManager.swift */; };
		3CC3C02A21A729DD00AB86E0 /* CoreDataStack.swift in Sources */ = {isa = PBXBuildFile; fileRef = 3CC3C02921A729DD00AB86E0 /* CoreDataStack.swift */; };
		3CC3C02C21A730FF00AB86E0 /* ActivityDetailViewController.swift in Sources */ = {isa = PBXBuildFile; fileRef = 3CC3C02B21A730FF00AB86E0 /* ActivityDetailViewController.swift */; };
		3CC3C02F21A734C500AB86E0 /* NoteController.swift in Sources */ = {isa = PBXBuildFile; fileRef = 3CC3C02E21A734C500AB86E0 /* NoteController.swift */; };
		3CC3C03121A73C5200AB86E0 /* HistoryCell.swift in Sources */ = {isa = PBXBuildFile; fileRef = 3CC3C03021A73C5200AB86E0 /* HistoryCell.swift */; };
		3CC3C03321A79F1800AB86E0 /* HistoryDetailController.swift in Sources */ = {isa = PBXBuildFile; fileRef = 3CC3C03221A79F1800AB86E0 /* HistoryDetailController.swift */; };
		3CC3C03521A7B47200AB86E0 /* Alternate.storyboard in Resources */ = {isa = PBXBuildFile; fileRef = 3CC3C03421A7B47200AB86E0 /* Alternate.storyboard */; };
		3CC3C03C21A7B4BE00AB86E0 /* ActivityCollectionViewCell.xib in Resources */ = {isa = PBXBuildFile; fileRef = 3CC3C03621A7B4BD00AB86E0 /* ActivityCollectionViewCell.xib */; };
		3CC3C03D21A7B4BE00AB86E0 /* FollowCollectionViewCell.swift in Sources */ = {isa = PBXBuildFile; fileRef = 3CC3C03721A7B4BD00AB86E0 /* FollowCollectionViewCell.swift */; };
		3CC3C03E21A7B4BE00AB86E0 /* ActivityCollectionViewCell.swift in Sources */ = {isa = PBXBuildFile; fileRef = 3CC3C03821A7B4BE00AB86E0 /* ActivityCollectionViewCell.swift */; };
		3CC3C03F21A7B4BE00AB86E0 /* ActivityViewController.swift in Sources */ = {isa = PBXBuildFile; fileRef = 3CC3C03921A7B4BE00AB86E0 /* ActivityViewController.swift */; };
		3CC3C04021A7B4BE00AB86E0 /* FollowCollectionViewCell.xib in Resources */ = {isa = PBXBuildFile; fileRef = 3CC3C03A21A7B4BE00AB86E0 /* FollowCollectionViewCell.xib */; };
		3CC3C04121A7B4BE00AB86E0 /* ProfileViewController.swift in Sources */ = {isa = PBXBuildFile; fileRef = 3CC3C03B21A7B4BE00AB86E0 /* ProfileViewController.swift */; };
		3CC3C04521A7B65500AB86E0 /* User.swift in Sources */ = {isa = PBXBuildFile; fileRef = 3CC3C04421A7B65500AB86E0 /* User.swift */; };
		3CC3C04721A7B65C00AB86E0 /* Post.swift in Sources */ = {isa = PBXBuildFile; fileRef = 3CC3C04621A7B65C00AB86E0 /* Post.swift */; };
		3CC3C04921A7B66200AB86E0 /* Comment.swift in Sources */ = {isa = PBXBuildFile; fileRef = 3CC3C04821A7B66200AB86E0 /* Comment.swift */; };
		3CC3C04E21A7B7F600AB86E0 /* EditProfileTableViewCell.swift in Sources */ = {isa = PBXBuildFile; fileRef = 3CC3C04A21A7B7F500AB86E0 /* EditProfileTableViewCell.swift */; };
		3CC3C04F21A7B7F600AB86E0 /* EditProfileTableViewHeader.swift in Sources */ = {isa = PBXBuildFile; fileRef = 3CC3C04B21A7B7F500AB86E0 /* EditProfileTableViewHeader.swift */; };
		3CC3C05021A7B7F600AB86E0 /* EditProfileController.swift in Sources */ = {isa = PBXBuildFile; fileRef = 3CC3C04C21A7B7F500AB86E0 /* EditProfileController.swift */; };
		3CC3C05121A7B7F600AB86E0 /* EditEmailController.swift in Sources */ = {isa = PBXBuildFile; fileRef = 3CC3C04D21A7B7F600AB86E0 /* EditEmailController.swift */; };
		3CC3C05421A7B93800AB86E0 /* SearchCell.swift in Sources */ = {isa = PBXBuildFile; fileRef = 3CC3C05221A7B93800AB86E0 /* SearchCell.swift */; };
		3CC3C05A21A7B98200AB86E0 /* FeedPostCell.swift in Sources */ = {isa = PBXBuildFile; fileRef = 3CC3C05621A7B98100AB86E0 /* FeedPostCell.swift */; };
		3CC3C05C21A7B98200AB86E0 /* CommentsController.swift in Sources */ = {isa = PBXBuildFile; fileRef = 3CC3C05821A7B98100AB86E0 /* CommentsController.swift */; };
		3CC3C05D21A7B98200AB86E0 /* PostCommentCell.swift in Sources */ = {isa = PBXBuildFile; fileRef = 3CC3C05921A7B98100AB86E0 /* PostCommentCell.swift */; };
		3CC3C06021A7BBB900AB86E0 /* TestData.swift in Sources */ = {isa = PBXBuildFile; fileRef = 3CC3C05F21A7BBB800AB86E0 /* TestData.swift */; };
		3CC3C07021A7C10E00AB86E0 /* FeedController.swift in Sources */ = {isa = PBXBuildFile; fileRef = 3CC3C06221A7BCD300AB86E0 /* FeedController.swift */; };
		3CC3C07121A7C11A00AB86E0 /* SearchController.swift in Sources */ = {isa = PBXBuildFile; fileRef = 3CC3C06B21A7BD7A00AB86E0 /* SearchController.swift */; };
		3CF1B90721A4957C003EA849 /* SignUpViewController.swift in Sources */ = {isa = PBXBuildFile; fileRef = 3CF1B90621A4957C003EA849 /* SignUpViewController.swift */; };
		3CF1B90921A49D0E003EA849 /* CheckBox.swift in Sources */ = {isa = PBXBuildFile; fileRef = 3CF1B90821A49D0E003EA849 /* CheckBox.swift */; };
		3CF1B90C21A4FF94003EA849 /* TabBarController.swift in Sources */ = {isa = PBXBuildFile; fileRef = 3CF1B90B21A4FF94003EA849 /* TabBarController.swift */; };
		3CF1B91021A4FFD8003EA849 /* ActivityController.swift in Sources */ = {isa = PBXBuildFile; fileRef = 3CF1B90F21A4FFD8003EA849 /* ActivityController.swift */; };
		3CF1B91421A4FFF1003EA849 /* MoreController.swift in Sources */ = {isa = PBXBuildFile; fileRef = 3CF1B91321A4FFF1003EA849 /* MoreController.swift */; };
		3CF1B91621A501EC003EA849 /* HistoryController.swift in Sources */ = {isa = PBXBuildFile; fileRef = 3CF1B91521A501EC003EA849 /* HistoryController.swift */; };
		3CF1B91821A507B9003EA849 /* MoreTableViewCell.swift in Sources */ = {isa = PBXBuildFile; fileRef = 3CF1B91721A507B9003EA849 /* MoreTableViewCell.swift */; };
		3CF1B91A21A50805003EA849 /* AboutController.swift in Sources */ = {isa = PBXBuildFile; fileRef = 3CF1B91921A50805003EA849 /* AboutController.swift */; };
		3CF1B91C21A50822003EA849 /* StatsController.swift in Sources */ = {isa = PBXBuildFile; fileRef = 3CF1B91B21A50822003EA849 /* StatsController.swift */; };
/* End PBXBuildFile section */

/* Begin PBXFileReference section */
		3C117CC821BDDA4D00D87BB9 /* Awards.storyboard */ = {isa = PBXFileReference; lastKnownFileType = file.storyboard; path = Awards.storyboard; sourceTree = "<group>"; };
		3C117CCA21BDDB5400D87BB9 /* AwardCellTableViewCell.swift */ = {isa = PBXFileReference; lastKnownFileType = sourcecode.swift; path = AwardCellTableViewCell.swift; sourceTree = "<group>"; };
		3C117CCB21BDDB5400D87BB9 /* AwardCellTableViewCell.xib */ = {isa = PBXFileReference; lastKnownFileType = file.xib; path = AwardCellTableViewCell.xib; sourceTree = "<group>"; };
		3C117CCE21BDDF1100D87BB9 /* AwardsTableViewController.swift */ = {isa = PBXFileReference; lastKnownFileType = sourcecode.swift; path = AwardsTableViewController.swift; sourceTree = "<group>"; };
		3C117CD021BDE33A00D87BB9 /* Award.swift */ = {isa = PBXFileReference; lastKnownFileType = sourcecode.swift; path = Award.swift; sourceTree = "<group>"; };
		3C26262121BC512700579B77 /* Statistic.storyboard */ = {isa = PBXFileReference; fileEncoding = 4; lastKnownFileType = file.storyboard; path = Statistic.storyboard; sourceTree = "<group>"; };
		3C26262321BC51AC00579B77 /* RunTableViewController.swift */ = {isa = PBXFileReference; fileEncoding = 4; lastKnownFileType = sourcecode.swift; path = RunTableViewController.swift; sourceTree = "<group>"; };
		3C26262521BC51B700579B77 /* WalkTableViewController.swift */ = {isa = PBXFileReference; fileEncoding = 4; lastKnownFileType = sourcecode.swift; path = WalkTableViewController.swift; sourceTree = "<group>"; };
		3C26262721BC51C600579B77 /* CycleTableViewController.swift */ = {isa = PBXFileReference; fileEncoding = 4; lastKnownFileType = sourcecode.swift; path = CycleTableViewController.swift; sourceTree = "<group>"; };
		3C26262921BC51D400579B77 /* StatsRootPageViewController.swift */ = {isa = PBXFileReference; fileEncoding = 4; lastKnownFileType = sourcecode.swift; path = StatsRootPageViewController.swift; sourceTree = "<group>"; };
		3C40EC5A21A46A4400913C8E /* ResetPasswordController.swift */ = {isa = PBXFileReference; lastKnownFileType = sourcecode.swift; path = ResetPasswordController.swift; sourceTree = "<group>"; };
		3C56D1F921A3BB72008AFD3B /* NSD_TrailMe.app */ = {isa = PBXFileReference; explicitFileType = wrapper.application; includeInIndex = 0; path = NSD_TrailMe.app; sourceTree = BUILT_PRODUCTS_DIR; };
		3C56D1FC21A3BB72008AFD3B /* AppDelegate.swift */ = {isa = PBXFileReference; lastKnownFileType = sourcecode.swift; path = AppDelegate.swift; sourceTree = "<group>"; };
		3C56D1FE21A3BB72008AFD3B /* LoginViewController.swift */ = {isa = PBXFileReference; lastKnownFileType = sourcecode.swift; path = LoginViewController.swift; sourceTree = "<group>"; };
		3C56D20421A3BB72008AFD3B /* NSD_TrailMe.xcdatamodel */ = {isa = PBXFileReference; lastKnownFileType = wrapper.xcdatamodel; path = NSD_TrailMe.xcdatamodel; sourceTree = "<group>"; };
		3C56D20621A3BB73008AFD3B /* Assets.xcassets */ = {isa = PBXFileReference; lastKnownFileType = folder.assetcatalog; path = Assets.xcassets; sourceTree = "<group>"; };
		3C56D20921A3BB73008AFD3B /* Base */ = {isa = PBXFileReference; lastKnownFileType = file.storyboard; name = Base; path = Base.lproj/LaunchScreen.storyboard; sourceTree = "<group>"; };
		3C56D20B21A3BB73008AFD3B /* Info.plist */ = {isa = PBXFileReference; lastKnownFileType = text.plist.xml; path = Info.plist; sourceTree = "<group>"; };
		3C612EDC21A9A627009A312B /* GrandWaileaWalk.gpx */ = {isa = PBXFileReference; fileEncoding = 4; lastKnownFileType = text.xml; path = GrandWaileaWalk.gpx; sourceTree = "<group>"; };
		3C6E3A8D21A441EA00FBA0D0 /* Extensions.swift */ = {isa = PBXFileReference; lastKnownFileType = sourcecode.swift; path = Extensions.swift; sourceTree = "<group>"; };
		3C9E6C5721C143C10040C3BC /* GoogleService-Info.plist */ = {isa = PBXFileReference; fileEncoding = 4; lastKnownFileType = text.plist.xml; name = "GoogleService-Info.plist"; path = "../../../Downloads/GoogleService-Info.plist"; sourceTree = "<group>"; };
		3CC3C02121A7293100AB86E0 /* Formatter.swift */ = {isa = PBXFileReference; lastKnownFileType = sourcecode.swift; path = Formatter.swift; sourceTree = "<group>"; };
		3CC3C02321A7297500AB86E0 /* UnitExtension.swift */ = {isa = PBXFileReference; lastKnownFileType = sourcecode.swift; path = UnitExtension.swift; sourceTree = "<group>"; };
		3CC3C02521A729A500AB86E0 /* CustomImageView.swift */ = {isa = PBXFileReference; lastKnownFileType = sourcecode.swift; path = CustomImageView.swift; sourceTree = "<group>"; };
		3CC3C02721A729CB00AB86E0 /* LocationManager.swift */ = {isa = PBXFileReference; lastKnownFileType = sourcecode.swift; path = LocationManager.swift; sourceTree = "<group>"; };
		3CC3C02921A729DD00AB86E0 /* CoreDataStack.swift */ = {isa = PBXFileReference; lastKnownFileType = sourcecode.swift; path = CoreDataStack.swift; sourceTree = "<group>"; };
		3CC3C02B21A730FF00AB86E0 /* ActivityDetailViewController.swift */ = {isa = PBXFileReference; lastKnownFileType = sourcecode.swift; path = ActivityDetailViewController.swift; sourceTree = "<group>"; };
		3CC3C02D21A731E400AB86E0 /* WaltersRoadLocation.gpx */ = {isa = PBXFileReference; lastKnownFileType = text.xml; path = WaltersRoadLocation.gpx; sourceTree = "<group>"; };
		3CC3C02E21A734C500AB86E0 /* NoteController.swift */ = {isa = PBXFileReference; lastKnownFileType = sourcecode.swift; path = NoteController.swift; sourceTree = "<group>"; };
		3CC3C03021A73C5200AB86E0 /* HistoryCell.swift */ = {isa = PBXFileReference; lastKnownFileType = sourcecode.swift; path = HistoryCell.swift; sourceTree = "<group>"; };
		3CC3C03221A79F1800AB86E0 /* HistoryDetailController.swift */ = {isa = PBXFileReference; lastKnownFileType = sourcecode.swift; path = HistoryDetailController.swift; sourceTree = "<group>"; };
		3CC3C03421A7B47200AB86E0 /* Alternate.storyboard */ = {isa = PBXFileReference; fileEncoding = 4; lastKnownFileType = file.storyboard; path = Alternate.storyboard; sourceTree = "<group>"; };
		3CC3C03621A7B4BD00AB86E0 /* ActivityCollectionViewCell.xib */ = {isa = PBXFileReference; fileEncoding = 4; lastKnownFileType = file.xib; path = ActivityCollectionViewCell.xib; sourceTree = "<group>"; };
		3CC3C03721A7B4BD00AB86E0 /* FollowCollectionViewCell.swift */ = {isa = PBXFileReference; fileEncoding = 4; lastKnownFileType = sourcecode.swift; path = FollowCollectionViewCell.swift; sourceTree = "<group>"; };
		3CC3C03821A7B4BE00AB86E0 /* ActivityCollectionViewCell.swift */ = {isa = PBXFileReference; fileEncoding = 4; lastKnownFileType = sourcecode.swift; path = ActivityCollectionViewCell.swift; sourceTree = "<group>"; };
		3CC3C03921A7B4BE00AB86E0 /* ActivityViewController.swift */ = {isa = PBXFileReference; fileEncoding = 4; lastKnownFileType = sourcecode.swift; path = ActivityViewController.swift; sourceTree = "<group>"; };
		3CC3C03A21A7B4BE00AB86E0 /* FollowCollectionViewCell.xib */ = {isa = PBXFileReference; fileEncoding = 4; lastKnownFileType = file.xib; path = FollowCollectionViewCell.xib; sourceTree = "<group>"; };
		3CC3C03B21A7B4BE00AB86E0 /* ProfileViewController.swift */ = {isa = PBXFileReference; fileEncoding = 4; lastKnownFileType = sourcecode.swift; path = ProfileViewController.swift; sourceTree = "<group>"; };
		3CC3C04421A7B65500AB86E0 /* User.swift */ = {isa = PBXFileReference; lastKnownFileType = sourcecode.swift; path = User.swift; sourceTree = "<group>"; };
		3CC3C04621A7B65C00AB86E0 /* Post.swift */ = {isa = PBXFileReference; lastKnownFileType = sourcecode.swift; path = Post.swift; sourceTree = "<group>"; };
		3CC3C04821A7B66200AB86E0 /* Comment.swift */ = {isa = PBXFileReference; lastKnownFileType = sourcecode.swift; path = Comment.swift; sourceTree = "<group>"; };
		3CC3C04A21A7B7F500AB86E0 /* EditProfileTableViewCell.swift */ = {isa = PBXFileReference; fileEncoding = 4; lastKnownFileType = sourcecode.swift; path = EditProfileTableViewCell.swift; sourceTree = "<group>"; };
		3CC3C04B21A7B7F500AB86E0 /* EditProfileTableViewHeader.swift */ = {isa = PBXFileReference; fileEncoding = 4; lastKnownFileType = sourcecode.swift; path = EditProfileTableViewHeader.swift; sourceTree = "<group>"; };
		3CC3C04C21A7B7F500AB86E0 /* EditProfileController.swift */ = {isa = PBXFileReference; fileEncoding = 4; lastKnownFileType = sourcecode.swift; path = EditProfileController.swift; sourceTree = "<group>"; };
		3CC3C04D21A7B7F600AB86E0 /* EditEmailController.swift */ = {isa = PBXFileReference; fileEncoding = 4; lastKnownFileType = sourcecode.swift; path = EditEmailController.swift; sourceTree = "<group>"; };
		3CC3C05221A7B93800AB86E0 /* SearchCell.swift */ = {isa = PBXFileReference; fileEncoding = 4; lastKnownFileType = sourcecode.swift; path = SearchCell.swift; sourceTree = "<group>"; };
		3CC3C05621A7B98100AB86E0 /* FeedPostCell.swift */ = {isa = PBXFileReference; fileEncoding = 4; lastKnownFileType = sourcecode.swift; path = FeedPostCell.swift; sourceTree = "<group>"; };
		3CC3C05821A7B98100AB86E0 /* CommentsController.swift */ = {isa = PBXFileReference; fileEncoding = 4; lastKnownFileType = sourcecode.swift; path = CommentsController.swift; sourceTree = "<group>"; };
		3CC3C05921A7B98100AB86E0 /* PostCommentCell.swift */ = {isa = PBXFileReference; fileEncoding = 4; lastKnownFileType = sourcecode.swift; path = PostCommentCell.swift; sourceTree = "<group>"; };
		3CC3C05F21A7BBB800AB86E0 /* TestData.swift */ = {isa = PBXFileReference; fileEncoding = 4; lastKnownFileType = sourcecode.swift; path = TestData.swift; sourceTree = "<group>"; };
		3CC3C06221A7BCD300AB86E0 /* FeedController.swift */ = {isa = PBXFileReference; lastKnownFileType = sourcecode.swift; path = FeedController.swift; sourceTree = "<group>"; };
		3CC3C06B21A7BD7A00AB86E0 /* SearchController.swift */ = {isa = PBXFileReference; lastKnownFileType = sourcecode.swift; path = SearchController.swift; sourceTree = "<group>"; };
		3CC66C8C21A8EF3B00A332C4 /* NSD_TrailMe.entitlements */ = {isa = PBXFileReference; lastKnownFileType = text.plist.entitlements; path = NSD_TrailMe.entitlements; sourceTree = "<group>"; };
		3CF1B90621A4957C003EA849 /* SignUpViewController.swift */ = {isa = PBXFileReference; lastKnownFileType = sourcecode.swift; path = SignUpViewController.swift; sourceTree = "<group>"; };
		3CF1B90821A49D0E003EA849 /* CheckBox.swift */ = {isa = PBXFileReference; lastKnownFileType = sourcecode.swift; path = CheckBox.swift; sourceTree = "<group>"; };
		3CF1B90B21A4FF94003EA849 /* TabBarController.swift */ = {isa = PBXFileReference; lastKnownFileType = sourcecode.swift; path = TabBarController.swift; sourceTree = "<group>"; };
		3CF1B90F21A4FFD8003EA849 /* ActivityController.swift */ = {isa = PBXFileReference; lastKnownFileType = sourcecode.swift; path = ActivityController.swift; sourceTree = "<group>"; };
		3CF1B91321A4FFF1003EA849 /* MoreController.swift */ = {isa = PBXFileReference; lastKnownFileType = sourcecode.swift; path = MoreController.swift; sourceTree = "<group>"; };
		3CF1B91521A501EC003EA849 /* HistoryController.swift */ = {isa = PBXFileReference; lastKnownFileType = sourcecode.swift; path = HistoryController.swift; sourceTree = "<group>"; };
		3CF1B91721A507B9003EA849 /* MoreTableViewCell.swift */ = {isa = PBXFileReference; lastKnownFileType = sourcecode.swift; path = MoreTableViewCell.swift; sourceTree = "<group>"; };
		3CF1B91921A50805003EA849 /* AboutController.swift */ = {isa = PBXFileReference; lastKnownFileType = sourcecode.swift; path = AboutController.swift; sourceTree = "<group>"; };
		3CF1B91B21A50822003EA849 /* StatsController.swift */ = {isa = PBXFileReference; lastKnownFileType = sourcecode.swift; path = StatsController.swift; sourceTree = "<group>"; };
		3F5DA3AF2EE539015C345281 /* Pods_NSD_TrailMe.framework */ = {isa = PBXFileReference; explicitFileType = wrapper.framework; includeInIndex = 0; path = Pods_NSD_TrailMe.framework; sourceTree = BUILT_PRODUCTS_DIR; };
		91C2A6A1BBFE0D907033E703 /* Pods-NSD_TrailMe.debug.xcconfig */ = {isa = PBXFileReference; includeInIndex = 1; lastKnownFileType = text.xcconfig; name = "Pods-NSD_TrailMe.debug.xcconfig"; path = "Pods/Target Support Files/Pods-NSD_TrailMe/Pods-NSD_TrailMe.debug.xcconfig"; sourceTree = "<group>"; };
		FD3FDB960610E40915217944 /* Pods-NSD_TrailMe.release.xcconfig */ = {isa = PBXFileReference; includeInIndex = 1; lastKnownFileType = text.xcconfig; name = "Pods-NSD_TrailMe.release.xcconfig"; path = "Pods/Target Support Files/Pods-NSD_TrailMe/Pods-NSD_TrailMe.release.xcconfig"; sourceTree = "<group>"; };
/* End PBXFileReference section */

/* Begin PBXFrameworksBuildPhase section */
		3C56D1F621A3BB72008AFD3B /* Frameworks */ = {
			isa = PBXFrameworksBuildPhase;
			buildActionMask = 2147483647;
			files = (
				1E92BA1D9B2B8BBA49DFE294 /* Pods_NSD_TrailMe.framework in Frameworks */,
			);
			runOnlyForDeploymentPostprocessing = 0;
		};
/* End PBXFrameworksBuildPhase section */

/* Begin PBXGroup section */
		226EEEF7B2E8BE9C7E30E15D /* Pods */ = {
			isa = PBXGroup;
			children = (
				91C2A6A1BBFE0D907033E703 /* Pods-NSD_TrailMe.debug.xcconfig */,
				FD3FDB960610E40915217944 /* Pods-NSD_TrailMe.release.xcconfig */,
			);
			name = Pods;
			sourceTree = "<group>";
		};
		3C56D1F021A3BB72008AFD3B = {
			isa = PBXGroup;
			children = (
				3C56D1FB21A3BB72008AFD3B /* NSD_TrailMe */,
				3C56D1FA21A3BB72008AFD3B /* Products */,
				226EEEF7B2E8BE9C7E30E15D /* Pods */,
				C6003F8AEE7598CE9FA2099D /* Frameworks */,
			);
			sourceTree = "<group>";
		};
		3C56D1FA21A3BB72008AFD3B /* Products */ = {
			isa = PBXGroup;
			children = (
				3C56D1F921A3BB72008AFD3B /* NSD_TrailMe.app */,
			);
			name = Products;
			sourceTree = "<group>";
		};
		3C56D1FB21A3BB72008AFD3B /* NSD_TrailMe */ = {
			isa = PBXGroup;
			children = (
				3CC66C8C21A8EF3B00A332C4 /* NSD_TrailMe.entitlements */,
				3C56D1FC21A3BB72008AFD3B /* AppDelegate.swift */,
				3CC3C02721A729CB00AB86E0 /* LocationManager.swift */,
				3CC3C02921A729DD00AB86E0 /* CoreDataStack.swift */,
				3CC3C05F21A7BBB800AB86E0 /* TestData.swift */,
				3C6E3A9021A4433900FBA0D0 /* Login */,
				3CC3C05E21A7BA5600AB86E0 /* Model */,
				3C6E3A8F21A4422900FBA0D0 /* Utilities */,
				3CF1B90A21A4FF6D003EA849 /* Controllers */,
				3C56D20621A3BB73008AFD3B /* Assets.xcassets */,
				3CC3C06F21A7BE0700AB86E0 /* Profile */,
				3C56D20821A3BB73008AFD3B /* LaunchScreen.storyboard */,
				3C56D20B21A3BB73008AFD3B /* Info.plist */,
				3C9E6C5721C143C10040C3BC /* GoogleService-Info.plist */,
				3C56D20321A3BB72008AFD3B /* NSD_TrailMe.xcdatamodeld */,
				3C612EDC21A9A627009A312B /* GrandWaileaWalk.gpx */,
				3CC3C02D21A731E400AB86E0 /* WaltersRoadLocation.gpx */,
			);
			path = NSD_TrailMe;
			sourceTree = "<group>";
		};
		3C6E3A8F21A4422900FBA0D0 /* Utilities */ = {
			isa = PBXGroup;
			children = (
				3C6E3A8D21A441EA00FBA0D0 /* Extensions.swift */,
				3CF1B90821A49D0E003EA849 /* CheckBox.swift */,
				3CC3C02121A7293100AB86E0 /* Formatter.swift */,
				3CC3C02321A7297500AB86E0 /* UnitExtension.swift */,
				3CC3C02521A729A500AB86E0 /* CustomImageView.swift */,
			);
			path = Utilities;
			sourceTree = "<group>";
		};
		3C6E3A9021A4433900FBA0D0 /* Login */ = {
			isa = PBXGroup;
			children = (
				3C56D1FE21A3BB72008AFD3B /* LoginViewController.swift */,
				3CF1B90621A4957C003EA849 /* SignUpViewController.swift */,
				3C40EC5A21A46A4400913C8E /* ResetPasswordController.swift */,
			);
			path = Login;
			sourceTree = "<group>";
		};
		3CC3C05E21A7BA5600AB86E0 /* Model */ = {
			isa = PBXGroup;
			children = (
				3CC3C04821A7B66200AB86E0 /* Comment.swift */,
				3CC3C04621A7B65C00AB86E0 /* Post.swift */,
				3CC3C04421A7B65500AB86E0 /* User.swift */,
				3C117CD021BDE33A00D87BB9 /* Award.swift */,
			);
			path = Model;
			sourceTree = "<group>";
		};
		3CC3C06121A7BCD300AB86E0 /* Feed */ = {
			isa = PBXGroup;
			children = (
				3CC3C05821A7B98100AB86E0 /* CommentsController.swift */,
				3CC3C06221A7BCD300AB86E0 /* FeedController.swift */,
				3CC3C05621A7B98100AB86E0 /* FeedPostCell.swift */,
				3CC3C05921A7B98100AB86E0 /* PostCommentCell.swift */,
			);
			path = Feed;
			sourceTree = "<group>";
		};
		3CC3C06921A7BD6E00AB86E0 /* Activity */ = {
			isa = PBXGroup;
			children = (
				3CF1B90F21A4FFD8003EA849 /* ActivityController.swift */,
				3CC3C02B21A730FF00AB86E0 /* ActivityDetailViewController.swift */,
				3CC3C02E21A734C500AB86E0 /* NoteController.swift */,
			);
			path = Activity;
			sourceTree = "<group>";
		};
		3CC3C06A21A7BD7900AB86E0 /* Search */ = {
			isa = PBXGroup;
			children = (
				3CC3C05221A7B93800AB86E0 /* SearchCell.swift */,
				3CC3C06B21A7BD7A00AB86E0 /* SearchController.swift */,
			);
			path = Search;
			sourceTree = "<group>";
		};
		3CC3C06C21A7BD9D00AB86E0 /* More */ = {
			isa = PBXGroup;
			children = (
				3C26262121BC512700579B77 /* Statistic.storyboard */,
				3CF1B91321A4FFF1003EA849 /* MoreController.swift */,
				3CF1B91921A50805003EA849 /* AboutController.swift */,
				3CF1B91B21A50822003EA849 /* StatsController.swift */,
				3C26262921BC51D400579B77 /* StatsRootPageViewController.swift */,
				3C26262721BC51C600579B77 /* CycleTableViewController.swift */,
				3C26262321BC51AC00579B77 /* RunTableViewController.swift */,
				3C26262521BC51B700579B77 /* WalkTableViewController.swift */,
				3CF1B91721A507B9003EA849 /* MoreTableViewCell.swift */,
				3C117CC821BDDA4D00D87BB9 /* Awards.storyboard */,
				3C117CCA21BDDB5400D87BB9 /* AwardCellTableViewCell.swift */,
				3C117CCB21BDDB5400D87BB9 /* AwardCellTableViewCell.xib */,
				3C117CCE21BDDF1100D87BB9 /* AwardsTableViewController.swift */,
			);
			path = More;
			sourceTree = "<group>";
		};
		3CC3C06D21A7BDB300AB86E0 /* History */ = {
			isa = PBXGroup;
			children = (
				3CF1B91521A501EC003EA849 /* HistoryController.swift */,
				3CC3C03221A79F1800AB86E0 /* HistoryDetailController.swift */,
				3CC3C03021A73C5200AB86E0 /* HistoryCell.swift */,
			);
			path = History;
			sourceTree = "<group>";
		};
		3CC3C06E21A7BDF600AB86E0 /* Edit Profile */ = {
			isa = PBXGroup;
			children = (
				3CC3C04D21A7B7F600AB86E0 /* EditEmailController.swift */,
				3CC3C04C21A7B7F500AB86E0 /* EditProfileController.swift */,
				3CC3C04A21A7B7F500AB86E0 /* EditProfileTableViewCell.swift */,
				3CC3C04B21A7B7F500AB86E0 /* EditProfileTableViewHeader.swift */,
			);
			path = "Edit Profile";
			sourceTree = "<group>";
		};
		3CC3C06F21A7BE0700AB86E0 /* Profile */ = {
			isa = PBXGroup;
			children = (
				3CC3C03821A7B4BE00AB86E0 /* ActivityCollectionViewCell.swift */,
				3CC3C03621A7B4BD00AB86E0 /* ActivityCollectionViewCell.xib */,
				3CC3C03921A7B4BE00AB86E0 /* ActivityViewController.swift */,
				3CC3C03721A7B4BD00AB86E0 /* FollowCollectionViewCell.swift */,
				3CC3C03A21A7B4BE00AB86E0 /* FollowCollectionViewCell.xib */,
				3CC3C03B21A7B4BE00AB86E0 /* ProfileViewController.swift */,
				3CC3C03421A7B47200AB86E0 /* Alternate.storyboard */,
			);
			path = Profile;
			sourceTree = "<group>";
		};
		3CF1B90A21A4FF6D003EA849 /* Controllers */ = {
			isa = PBXGroup;
			children = (
				3CF1B90B21A4FF94003EA849 /* TabBarController.swift */,
				3CC3C06121A7BCD300AB86E0 /* Feed */,
				3CC3C06921A7BD6E00AB86E0 /* Activity */,
				3CC3C06A21A7BD7900AB86E0 /* Search */,
				3CC3C06C21A7BD9D00AB86E0 /* More */,
				3CC3C06D21A7BDB300AB86E0 /* History */,
				3CC3C06E21A7BDF600AB86E0 /* Edit Profile */,
			);
			path = Controllers;
			sourceTree = "<group>";
		};
		C6003F8AEE7598CE9FA2099D /* Frameworks */ = {
			isa = PBXGroup;
			children = (
				3F5DA3AF2EE539015C345281 /* Pods_NSD_TrailMe.framework */,
			);
			name = Frameworks;
			sourceTree = "<group>";
		};
/* End PBXGroup section */

/* Begin PBXNativeTarget section */
		3C56D1F821A3BB72008AFD3B /* NSD_TrailMe */ = {
			isa = PBXNativeTarget;
			buildConfigurationList = 3C56D20E21A3BB73008AFD3B /* Build configuration list for PBXNativeTarget "NSD_TrailMe" */;
			buildPhases = (
				80ECDCD3DF081343DD9DB53C /* [CP] Check Pods Manifest.lock */,
				3C56D1F521A3BB72008AFD3B /* Sources */,
				3C56D1F621A3BB72008AFD3B /* Frameworks */,
				3C56D1F721A3BB72008AFD3B /* Resources */,
				DA383F305092B482FC53159E /* [CP] Embed Pods Frameworks */,
			);
			buildRules = (
			);
			dependencies = (
			);
			name = NSD_TrailMe;
			productName = NSD_TrailMe;
			productReference = 3C56D1F921A3BB72008AFD3B /* NSD_TrailMe.app */;
			productType = "com.apple.product-type.application";
		};
/* End PBXNativeTarget section */

/* Begin PBXProject section */
		3C56D1F121A3BB72008AFD3B /* Project object */ = {
			isa = PBXProject;
			attributes = {
				LastSwiftUpdateCheck = 1010;
				LastUpgradeCheck = 1010;
				ORGANIZATIONNAME = "Nathaniel Coleman";
				TargetAttributes = {
					3C56D1F821A3BB72008AFD3B = {
						CreatedOnToolsVersion = 10.1;
						SystemCapabilities = {
							com.apple.BackgroundModes = {
								enabled = 1;
							};
							com.apple.Push = {
								enabled = 1;
							};
						};
					};
				};
			};
			buildConfigurationList = 3C56D1F421A3BB72008AFD3B /* Build configuration list for PBXProject "NSD_TrailMe" */;
			compatibilityVersion = "Xcode 9.3";
			developmentRegion = en;
			hasScannedForEncodings = 0;
			knownRegions = (
				en,
				Base,
			);
			mainGroup = 3C56D1F021A3BB72008AFD3B;
			productRefGroup = 3C56D1FA21A3BB72008AFD3B /* Products */;
			projectDirPath = "";
			projectRoot = "";
			targets = (
				3C56D1F821A3BB72008AFD3B /* NSD_TrailMe */,
			);
		};
/* End PBXProject section */

/* Begin PBXResourcesBuildPhase section */
		3C56D1F721A3BB72008AFD3B /* Resources */ = {
			isa = PBXResourcesBuildPhase;
			buildActionMask = 2147483647;
			files = (
				3C56D20A21A3BB73008AFD3B /* LaunchScreen.storyboard in Resources */,
				3C56D20721A3BB73008AFD3B /* Assets.xcassets in Resources */,
				3C117CC921BDDA4D00D87BB9 /* Awards.storyboard in Resources */,
				3C26262221BC512700579B77 /* Statistic.storyboard in Resources */,
				3C612EDD21A9A627009A312B /* GrandWaileaWalk.gpx in Resources */,
				3CC3C03521A7B47200AB86E0 /* Alternate.storyboard in Resources */,
				3C117CCD21BDDB5400D87BB9 /* AwardCellTableViewCell.xib in Resources */,
				3C9E6C5821C143C10040C3BC /* GoogleService-Info.plist in Resources */,
				3CC3C03C21A7B4BE00AB86E0 /* ActivityCollectionViewCell.xib in Resources */,
				3CC3C04021A7B4BE00AB86E0 /* FollowCollectionViewCell.xib in Resources */,
			);
			runOnlyForDeploymentPostprocessing = 0;
		};
/* End PBXResourcesBuildPhase section */

/* Begin PBXShellScriptBuildPhase section */
		80ECDCD3DF081343DD9DB53C /* [CP] Check Pods Manifest.lock */ = {
			isa = PBXShellScriptBuildPhase;
			buildActionMask = 2147483647;
			files = (
			);
			inputFileListPaths = (
			);
			inputPaths = (
				"${PODS_PODFILE_DIR_PATH}/Podfile.lock",
				"${PODS_ROOT}/Manifest.lock",
			);
			name = "[CP] Check Pods Manifest.lock";
			outputFileListPaths = (
			);
			outputPaths = (
				"$(DERIVED_FILE_DIR)/Pods-NSD_TrailMe-checkManifestLockResult.txt",
			);
			runOnlyForDeploymentPostprocessing = 0;
			shellPath = /bin/sh;
			shellScript = "diff \"${PODS_PODFILE_DIR_PATH}/Podfile.lock\" \"${PODS_ROOT}/Manifest.lock\" > /dev/null\nif [ $? != 0 ] ; then\n    # print error to STDERR\n    echo \"error: The sandbox is not in sync with the Podfile.lock. Run 'pod install' or update your CocoaPods installation.\" >&2\n    exit 1\nfi\n# This output is used by Xcode 'outputs' to avoid re-running this script phase.\necho \"SUCCESS\" > \"${SCRIPT_OUTPUT_FILE_0}\"\n";
			showEnvVarsInLog = 0;
		};
		DA383F305092B482FC53159E /* [CP] Embed Pods Frameworks */ = {
			isa = PBXShellScriptBuildPhase;
			buildActionMask = 2147483647;
			files = (
			);
			inputFileListPaths = (
			);
			inputPaths = (
				"${SRCROOT}/Pods/Target Support Files/Pods-NSD_TrailMe/Pods-NSD_TrailMe-frameworks.sh",
				"${BUILT_PRODUCTS_DIR}/GTMSessionFetcher/GTMSessionFetcher.framework",
				"${BUILT_PRODUCTS_DIR}/GoogleUtilities/GoogleUtilities.framework",
				"${BUILT_PRODUCTS_DIR}/MDFInternationalization/MDFInternationalization.framework",
				"${BUILT_PRODUCTS_DIR}/MDFTextAccessibility/MDFTextAccessibility.framework",
				"${BUILT_PRODUCTS_DIR}/MaterialComponents/MaterialComponents.framework",
				"${BUILT_PRODUCTS_DIR}/MotionAnimator/MotionAnimator.framework",
				"${BUILT_PRODUCTS_DIR}/MotionInterchange/MotionInterchange.framework",
				"${BUILT_PRODUCTS_DIR}/MotionTransitioning/MotionTransitioning.framework",
				"${BUILT_PRODUCTS_DIR}/Protobuf/Protobuf.framework",
				"${BUILT_PRODUCTS_DIR}/leveldb-library/leveldb.framework",
				"${BUILT_PRODUCTS_DIR}/nanopb/nanopb.framework",
			);
			name = "[CP] Embed Pods Frameworks";
			outputFileListPaths = (
			);
			outputPaths = (
				"${TARGET_BUILD_DIR}/${FRAMEWORKS_FOLDER_PATH}/GTMSessionFetcher.framework",
				"${TARGET_BUILD_DIR}/${FRAMEWORKS_FOLDER_PATH}/GoogleUtilities.framework",
				"${TARGET_BUILD_DIR}/${FRAMEWORKS_FOLDER_PATH}/MDFInternationalization.framework",
				"${TARGET_BUILD_DIR}/${FRAMEWORKS_FOLDER_PATH}/MDFTextAccessibility.framework",
				"${TARGET_BUILD_DIR}/${FRAMEWORKS_FOLDER_PATH}/MaterialComponents.framework",
				"${TARGET_BUILD_DIR}/${FRAMEWORKS_FOLDER_PATH}/MotionAnimator.framework",
				"${TARGET_BUILD_DIR}/${FRAMEWORKS_FOLDER_PATH}/MotionInterchange.framework",
				"${TARGET_BUILD_DIR}/${FRAMEWORKS_FOLDER_PATH}/MotionTransitioning.framework",
				"${TARGET_BUILD_DIR}/${FRAMEWORKS_FOLDER_PATH}/Protobuf.framework",
				"${TARGET_BUILD_DIR}/${FRAMEWORKS_FOLDER_PATH}/leveldb.framework",
				"${TARGET_BUILD_DIR}/${FRAMEWORKS_FOLDER_PATH}/nanopb.framework",
			);
			runOnlyForDeploymentPostprocessing = 0;
			shellPath = /bin/sh;
			shellScript = "\"${SRCROOT}/Pods/Target Support Files/Pods-NSD_TrailMe/Pods-NSD_TrailMe-frameworks.sh\"\n";
			showEnvVarsInLog = 0;
		};
/* End PBXShellScriptBuildPhase section */

/* Begin PBXSourcesBuildPhase section */
		3C56D1F521A3BB72008AFD3B /* Sources */ = {
			isa = PBXSourcesBuildPhase;
			buildActionMask = 2147483647;
			files = (
				3CC3C04F21A7B7F600AB86E0 /* EditProfileTableViewHeader.swift in Sources */,
				3CC3C02C21A730FF00AB86E0 /* ActivityDetailViewController.swift in Sources */,
				3CC3C03321A79F1800AB86E0 /* HistoryDetailController.swift in Sources */,
				3C26262421BC51AC00579B77 /* RunTableViewController.swift in Sources */,
				3CC3C02A21A729DD00AB86E0 /* CoreDataStack.swift in Sources */,
				3CC3C03D21A7B4BE00AB86E0 /* FollowCollectionViewCell.swift in Sources */,
				3CF1B90721A4957C003EA849 /* SignUpViewController.swift in Sources */,
				3CF1B91421A4FFF1003EA849 /* MoreController.swift in Sources */,
				3CC3C07021A7C10E00AB86E0 /* FeedController.swift in Sources */,
				3CF1B90C21A4FF94003EA849 /* TabBarController.swift in Sources */,
				3CC3C05421A7B93800AB86E0 /* SearchCell.swift in Sources */,
				3CF1B91C21A50822003EA849 /* StatsController.swift in Sources */,
				3CC3C04521A7B65500AB86E0 /* User.swift in Sources */,
				3CC3C06021A7BBB900AB86E0 /* TestData.swift in Sources */,
				3CC3C05A21A7B98200AB86E0 /* FeedPostCell.swift in Sources */,
				3CC3C03121A73C5200AB86E0 /* HistoryCell.swift in Sources */,
				3C56D1FF21A3BB72008AFD3B /* LoginViewController.swift in Sources */,
				3CF1B91821A507B9003EA849 /* MoreTableViewCell.swift in Sources */,
				3CC3C03F21A7B4BE00AB86E0 /* ActivityViewController.swift in Sources */,
				3C26262621BC51B700579B77 /* WalkTableViewController.swift in Sources */,
				3C56D20521A3BB72008AFD3B /* NSD_TrailMe.xcdatamodeld in Sources */,
				3C117CCC21BDDB5400D87BB9 /* AwardCellTableViewCell.swift in Sources */,
				3C117CCF21BDDF1100D87BB9 /* AwardsTableViewController.swift in Sources */,
				3CC3C07121A7C11A00AB86E0 /* SearchController.swift in Sources */,
				3CC3C04121A7B4BE00AB86E0 /* ProfileViewController.swift in Sources */,
				3C26262A21BC51D400579B77 /* StatsRootPageViewController.swift in Sources */,
				3CC3C05021A7B7F600AB86E0 /* EditProfileController.swift in Sources */,
				3CF1B91621A501EC003EA849 /* HistoryController.swift in Sources */,
				3CF1B90921A49D0E003EA849 /* CheckBox.swift in Sources */,
				3C56D1FD21A3BB72008AFD3B /* AppDelegate.swift in Sources */,
				3C40EC5B21A46A4400913C8E /* ResetPasswordController.swift in Sources */,
				3C26262821BC51C600579B77 /* CycleTableViewController.swift in Sources */,
				3CC3C02221A7293100AB86E0 /* Formatter.swift in Sources */,
				3CC3C04721A7B65C00AB86E0 /* Post.swift in Sources */,
				3CC3C02821A729CB00AB86E0 /* LocationManager.swift in Sources */,
				3CC3C04E21A7B7F600AB86E0 /* EditProfileTableViewCell.swift in Sources */,
				3CC3C02F21A734C500AB86E0 /* NoteController.swift in Sources */,
				3C117CD121BDE33A00D87BB9 /* Award.swift in Sources */,
				3CC3C02621A729A500AB86E0 /* CustomImageView.swift in Sources */,
				3CF1B91A21A50805003EA849 /* AboutController.swift in Sources */,
				3CC3C04921A7B66200AB86E0 /* Comment.swift in Sources */,
				3CF1B91021A4FFD8003EA849 /* ActivityController.swift in Sources */,
				3C6E3A8E21A441EA00FBA0D0 /* Extensions.swift in Sources */,
				3CC3C02421A7297500AB86E0 /* UnitExtension.swift in Sources */,
				3CC3C05C21A7B98200AB86E0 /* CommentsController.swift in Sources */,
				3CC3C05121A7B7F600AB86E0 /* EditEmailController.swift in Sources */,
				3CC3C03E21A7B4BE00AB86E0 /* ActivityCollectionViewCell.swift in Sources */,
				3CC3C05D21A7B98200AB86E0 /* PostCommentCell.swift in Sources */,
			);
			runOnlyForDeploymentPostprocessing = 0;
		};
/* End PBXSourcesBuildPhase section */

/* Begin PBXVariantGroup section */
		3C56D20821A3BB73008AFD3B /* LaunchScreen.storyboard */ = {
			isa = PBXVariantGroup;
			children = (
				3C56D20921A3BB73008AFD3B /* Base */,
			);
			name = LaunchScreen.storyboard;
			sourceTree = "<group>";
		};
/* End PBXVariantGroup section */

/* Begin XCBuildConfiguration section */
		3C56D20C21A3BB73008AFD3B /* Debug */ = {
			isa = XCBuildConfiguration;
			buildSettings = {
				ALWAYS_SEARCH_USER_PATHS = NO;
				CLANG_ANALYZER_NONNULL = YES;
				CLANG_ANALYZER_NUMBER_OBJECT_CONVERSION = YES_AGGRESSIVE;
				CLANG_CXX_LANGUAGE_STANDARD = "gnu++14";
				CLANG_CXX_LIBRARY = "libc++";
				CLANG_ENABLE_MODULES = YES;
				CLANG_ENABLE_OBJC_ARC = YES;
				CLANG_ENABLE_OBJC_WEAK = YES;
				CLANG_WARN_BLOCK_CAPTURE_AUTORELEASING = YES;
				CLANG_WARN_BOOL_CONVERSION = YES;
				CLANG_WARN_COMMA = YES;
				CLANG_WARN_CONSTANT_CONVERSION = YES;
				CLANG_WARN_DEPRECATED_OBJC_IMPLEMENTATIONS = YES;
				CLANG_WARN_DIRECT_OBJC_ISA_USAGE = YES_ERROR;
				CLANG_WARN_DOCUMENTATION_COMMENTS = YES;
				CLANG_WARN_EMPTY_BODY = YES;
				CLANG_WARN_ENUM_CONVERSION = YES;
				CLANG_WARN_INFINITE_RECURSION = YES;
				CLANG_WARN_INT_CONVERSION = YES;
				CLANG_WARN_NON_LITERAL_NULL_CONVERSION = YES;
				CLANG_WARN_OBJC_IMPLICIT_RETAIN_SELF = YES;
				CLANG_WARN_OBJC_LITERAL_CONVERSION = YES;
				CLANG_WARN_OBJC_ROOT_CLASS = YES_ERROR;
				CLANG_WARN_RANGE_LOOP_ANALYSIS = YES;
				CLANG_WARN_STRICT_PROTOTYPES = YES;
				CLANG_WARN_SUSPICIOUS_MOVE = YES;
				CLANG_WARN_UNGUARDED_AVAILABILITY = YES_AGGRESSIVE;
				CLANG_WARN_UNREACHABLE_CODE = YES;
				CLANG_WARN__DUPLICATE_METHOD_MATCH = YES;
				CODE_SIGN_IDENTITY = "iPhone Developer";
				COPY_PHASE_STRIP = NO;
				DEBUG_INFORMATION_FORMAT = dwarf;
				ENABLE_STRICT_OBJC_MSGSEND = YES;
				ENABLE_TESTABILITY = YES;
				GCC_C_LANGUAGE_STANDARD = gnu11;
				GCC_DYNAMIC_NO_PIC = NO;
				GCC_NO_COMMON_BLOCKS = YES;
				GCC_OPTIMIZATION_LEVEL = 0;
				GCC_PREPROCESSOR_DEFINITIONS = (
					"DEBUG=1",
					"$(inherited)",
				);
				GCC_WARN_64_TO_32_BIT_CONVERSION = YES;
				GCC_WARN_ABOUT_RETURN_TYPE = YES_ERROR;
				GCC_WARN_UNDECLARED_SELECTOR = YES;
				GCC_WARN_UNINITIALIZED_AUTOS = YES_AGGRESSIVE;
				GCC_WARN_UNUSED_FUNCTION = YES;
				GCC_WARN_UNUSED_VARIABLE = YES;
				IPHONEOS_DEPLOYMENT_TARGET = 12.1;
				MTL_ENABLE_DEBUG_INFO = INCLUDE_SOURCE;
				MTL_FAST_MATH = YES;
				ONLY_ACTIVE_ARCH = YES;
				SDKROOT = iphoneos;
				SWIFT_ACTIVE_COMPILATION_CONDITIONS = DEBUG;
				SWIFT_OPTIMIZATION_LEVEL = "-Onone";
			};
			name = Debug;
		};
		3C56D20D21A3BB73008AFD3B /* Release */ = {
			isa = XCBuildConfiguration;
			buildSettings = {
				ALWAYS_SEARCH_USER_PATHS = NO;
				CLANG_ANALYZER_NONNULL = YES;
				CLANG_ANALYZER_NUMBER_OBJECT_CONVERSION = YES_AGGRESSIVE;
				CLANG_CXX_LANGUAGE_STANDARD = "gnu++14";
				CLANG_CXX_LIBRARY = "libc++";
				CLANG_ENABLE_MODULES = YES;
				CLANG_ENABLE_OBJC_ARC = YES;
				CLANG_ENABLE_OBJC_WEAK = YES;
				CLANG_WARN_BLOCK_CAPTURE_AUTORELEASING = YES;
				CLANG_WARN_BOOL_CONVERSION = YES;
				CLANG_WARN_COMMA = YES;
				CLANG_WARN_CONSTANT_CONVERSION = YES;
				CLANG_WARN_DEPRECATED_OBJC_IMPLEMENTATIONS = YES;
				CLANG_WARN_DIRECT_OBJC_ISA_USAGE = YES_ERROR;
				CLANG_WARN_DOCUMENTATION_COMMENTS = YES;
				CLANG_WARN_EMPTY_BODY = YES;
				CLANG_WARN_ENUM_CONVERSION = YES;
				CLANG_WARN_INFINITE_RECURSION = YES;
				CLANG_WARN_INT_CONVERSION = YES;
				CLANG_WARN_NON_LITERAL_NULL_CONVERSION = YES;
				CLANG_WARN_OBJC_IMPLICIT_RETAIN_SELF = YES;
				CLANG_WARN_OBJC_LITERAL_CONVERSION = YES;
				CLANG_WARN_OBJC_ROOT_CLASS = YES_ERROR;
				CLANG_WARN_RANGE_LOOP_ANALYSIS = YES;
				CLANG_WARN_STRICT_PROTOTYPES = YES;
				CLANG_WARN_SUSPICIOUS_MOVE = YES;
				CLANG_WARN_UNGUARDED_AVAILABILITY = YES_AGGRESSIVE;
				CLANG_WARN_UNREACHABLE_CODE = YES;
				CLANG_WARN__DUPLICATE_METHOD_MATCH = YES;
				CODE_SIGN_IDENTITY = "iPhone Developer";
				COPY_PHASE_STRIP = NO;
				DEBUG_INFORMATION_FORMAT = "dwarf-with-dsym";
				ENABLE_NS_ASSERTIONS = NO;
				ENABLE_STRICT_OBJC_MSGSEND = YES;
				GCC_C_LANGUAGE_STANDARD = gnu11;
				GCC_NO_COMMON_BLOCKS = YES;
				GCC_WARN_64_TO_32_BIT_CONVERSION = YES;
				GCC_WARN_ABOUT_RETURN_TYPE = YES_ERROR;
				GCC_WARN_UNDECLARED_SELECTOR = YES;
				GCC_WARN_UNINITIALIZED_AUTOS = YES_AGGRESSIVE;
				GCC_WARN_UNUSED_FUNCTION = YES;
				GCC_WARN_UNUSED_VARIABLE = YES;
				IPHONEOS_DEPLOYMENT_TARGET = 12.1;
				MTL_ENABLE_DEBUG_INFO = NO;
				MTL_FAST_MATH = YES;
				SDKROOT = iphoneos;
				SWIFT_COMPILATION_MODE = wholemodule;
				SWIFT_OPTIMIZATION_LEVEL = "-O";
				VALIDATE_PRODUCT = YES;
			};
			name = Release;
		};
		3C56D20F21A3BB73008AFD3B /* Debug */ = {
			isa = XCBuildConfiguration;
			baseConfigurationReference = 91C2A6A1BBFE0D907033E703 /* Pods-NSD_TrailMe.debug.xcconfig */;
			buildSettings = {
				ASSETCATALOG_COMPILER_APPICON_NAME = AppIcon;
				CODE_SIGN_ENTITLEMENTS = NSD_TrailMe/NSD_TrailMe.entitlements;
				CODE_SIGN_STYLE = Automatic;
				DEVELOPMENT_TEAM = 6HQ48KTK52;
				INFOPLIST_FILE = NSD_TrailMe/Info.plist;
				LD_RUNPATH_SEARCH_PATHS = (
					"$(inherited)",
					"@executable_path/Frameworks",
				);
				PRODUCT_BUNDLE_IDENTIFIER = "com.november7thdesign.NSD-TrailMe";
				PRODUCT_NAME = "$(TARGET_NAME)";
				SWIFT_VERSION = 4.2;
				TARGETED_DEVICE_FAMILY = 1;
			};
			name = Debug;
		};
		3C56D21021A3BB73008AFD3B /* Release */ = {
			isa = XCBuildConfiguration;
			baseConfigurationReference = FD3FDB960610E40915217944 /* Pods-NSD_TrailMe.release.xcconfig */;
			buildSettings = {
				ASSETCATALOG_COMPILER_APPICON_NAME = AppIcon;
				CODE_SIGN_ENTITLEMENTS = NSD_TrailMe/NSD_TrailMe.entitlements;
				CODE_SIGN_STYLE = Automatic;
				DEVELOPMENT_TEAM = 6HQ48KTK52;
				INFOPLIST_FILE = NSD_TrailMe/Info.plist;
				LD_RUNPATH_SEARCH_PATHS = (
					"$(inherited)",
					"@executable_path/Frameworks",
				);
				PRODUCT_BUNDLE_IDENTIFIER = "com.november7thdesign.NSD-TrailMe";
				PRODUCT_NAME = "$(TARGET_NAME)";
				SWIFT_VERSION = 4.2;
				TARGETED_DEVICE_FAMILY = 1;
			};
			name = Release;
		};
/* End XCBuildConfiguration section */

/* Begin XCConfigurationList section */
		3C56D1F421A3BB72008AFD3B /* Build configuration list for PBXProject "NSD_TrailMe" */ = {
			isa = XCConfigurationList;
			buildConfigurations = (
				3C56D20C21A3BB73008AFD3B /* Debug */,
				3C56D20D21A3BB73008AFD3B /* Release */,
			);
			defaultConfigurationIsVisible = 0;
			defaultConfigurationName = Release;
		};
		3C56D20E21A3BB73008AFD3B /* Build configuration list for PBXNativeTarget "NSD_TrailMe" */ = {
			isa = XCConfigurationList;
			buildConfigurations = (
				3C56D20F21A3BB73008AFD3B /* Debug */,
				3C56D21021A3BB73008AFD3B /* Release */,
			);
			defaultConfigurationIsVisible = 0;
			defaultConfigurationName = Release;
		};
/* End XCConfigurationList section */

/* Begin XCVersionGroup section */
		3C56D20321A3BB72008AFD3B /* NSD_TrailMe.xcdatamodeld */ = {
			isa = XCVersionGroup;
			children = (
				3C56D20421A3BB72008AFD3B /* NSD_TrailMe.xcdatamodel */,
			);
			currentVersion = 3C56D20421A3BB72008AFD3B /* NSD_TrailMe.xcdatamodel */;
			path = NSD_TrailMe.xcdatamodeld;
			sourceTree = "<group>";
			versionGroupType = wrapper.xcdatamodel;
		};
/* End XCVersionGroup section */
	};
	rootObject = 3C56D1F121A3BB72008AFD3B /* Project object */;
}
